// !$*UTF8*$!
{
	archiveVersion = 1;
	classes = {
	};
	objectVersion = 46;
	objects = {

/* Begin PBXBuildFile section */
		9A6E32931725D5DB00B8C318 /* UIKit.framework in Frameworks */ = {isa = PBXBuildFile; fileRef = 9A6E32921725D5DB00B8C318 /* UIKit.framework */; };
		9A6E32951725D5DB00B8C318 /* Foundation.framework in Frameworks */ = {isa = PBXBuildFile; fileRef = 9A6E32941725D5DB00B8C318 /* Foundation.framework */; };
		9A6E32971725D5DB00B8C318 /* CoreGraphics.framework in Frameworks */ = {isa = PBXBuildFile; fileRef = 9A6E32961725D5DB00B8C318 /* CoreGraphics.framework */; };
		9A6E329D1725D5DB00B8C318 /* InfoPlist.strings in Resources */ = {isa = PBXBuildFile; fileRef = 9A6E329B1725D5DB00B8C318 /* InfoPlist.strings */; };
		9A6E329F1725D5DB00B8C318 /* main.m in Sources */ = {isa = PBXBuildFile; fileRef = 9A6E329E1725D5DB00B8C318 /* main.m */; };
		9A6E32A31725D5DB00B8C318 /* AppDelegate.m in Sources */ = {isa = PBXBuildFile; fileRef = 9A6E32A21725D5DB00B8C318 /* AppDelegate.m */; };
		9A6E32A51725D5DB00B8C318 /* Default.png in Resources */ = {isa = PBXBuildFile; fileRef = 9A6E32A41725D5DB00B8C318 /* Default.png */; };
		9A6E32A71725D5DB00B8C318 /* Default@2x.png in Resources */ = {isa = PBXBuildFile; fileRef = 9A6E32A61725D5DB00B8C318 /* Default@2x.png */; };
		9A6E32A91725D5DB00B8C318 /* Default-568h@2x.png in Resources */ = {isa = PBXBuildFile; fileRef = 9A6E32A81725D5DB00B8C318 /* Default-568h@2x.png */; };
		9A6E32AC1725D5DB00B8C318 /* ViewController.m in Sources */ = {isa = PBXBuildFile; fileRef = 9A6E32AB1725D5DB00B8C318 /* ViewController.m */; };
		9A6E32AF1725D5DB00B8C318 /* ViewController.xib in Resources */ = {isa = PBXBuildFile; fileRef = 9A6E32AD1725D5DB00B8C318 /* ViewController.xib */; };
		9A6E32B81725DB9D00B8C318 /* figure01.png in Resources */ = {isa = PBXBuildFile; fileRef = 9A6E32B61725DB9D00B8C318 /* figure01.png */; };
		9A6E32B91725DB9D00B8C318 /* figure02.png in Resources */ = {isa = PBXBuildFile; fileRef = 9A6E32B71725DB9D00B8C318 /* figure02.png */; };
/* End PBXBuildFile section */

/* Begin PBXFileReference section */
		9A6E328E1725D5DB00B8C318 /* Example01.app */ = {isa = PBXFileReference; explicitFileType = wrapper.application; includeInIndex = 0; path = Example01.app; sourceTree = BUILT_PRODUCTS_DIR; };
		9A6E32921725D5DB00B8C318 /* UIKit.framework */ = {isa = PBXFileReference; lastKnownFileType = wrapper.framework; name = UIKit.framework; path = System/Library/Frameworks/UIKit.framework; sourceTree = SDKROOT; };
		9A6E32941725D5DB00B8C318 /* Foundation.framework */ = {isa = PBXFileReference; lastKnownFileType = wrapper.framework; name = Foundation.framework; path = System/Library/Frameworks/Foundation.framework; sourceTree = SDKROOT; };
		9A6E32961725D5DB00B8C318 /* CoreGraphics.framework */ = {isa = PBXFileReference; lastKnownFileType = wrapper.framework; name = CoreGraphics.framework; path = System/Library/Frameworks/CoreGraphics.framework; sourceTree = SDKROOT; };
		9A6E329A1725D5DB00B8C318 /* Example01-Info.plist */ = {isa = PBXFileReference; lastKnownFileType = text.plist.xml; path = "Example01-Info.plist"; sourceTree = "<group>"; };
		9A6E329C1725D5DB00B8C318 /* en */ = {isa = PBXFileReference; lastKnownFileType = text.plist.strings; name = en; path = en.lproj/InfoPlist.strings; sourceTree = "<group>"; };
		9A6E329E1725D5DB00B8C318 /* main.m */ = {isa = PBXFileReference; lastKnownFileType = sourcecode.c.objc; path = main.m; sourceTree = "<group>"; };
		9A6E32A01725D5DB00B8C318 /* Example01-Prefix.pch */ = {isa = PBXFileReference; lastKnownFileType = sourcecode.c.h; path = "Example01-Prefix.pch"; sourceTree = "<group>"; };
		9A6E32A11725D5DB00B8C318 /* AppDelegate.h */ = {isa = PBXFileReference; lastKnownFileType = sourcecode.c.h; path = AppDelegate.h; sourceTree = "<group>"; };
		9A6E32A21725D5DB00B8C318 /* AppDelegate.m */ = {isa = PBXFileReference; lastKnownFileType = sourcecode.c.objc; path = AppDelegate.m; sourceTree = "<group>"; };
		9A6E32A41725D5DB00B8C318 /* Default.png */ = {isa = PBXFileReference; lastKnownFileType = image.png; path = Default.png; sourceTree = "<group>"; };
		9A6E32A61725D5DB00B8C318 /* Default@2x.png */ = {isa = PBXFileReference; lastKnownFileType = image.png; path = "Default@2x.png"; sourceTree = "<group>"; };
		9A6E32A81725D5DB00B8C318 /* Default-568h@2x.png */ = {isa = PBXFileReference; lastKnownFileType = image.png; path = "Default-568h@2x.png"; sourceTree = "<group>"; };
		9A6E32AA1725D5DB00B8C318 /* ViewController.h */ = {isa = PBXFileReference; lastKnownFileType = sourcecode.c.h; path = ViewController.h; sourceTree = "<group>"; };
		9A6E32AB1725D5DB00B8C318 /* ViewController.m */ = {isa = PBXFileReference; lastKnownFileType = sourcecode.c.objc; path = ViewController.m; sourceTree = "<group>"; };
		9A6E32AE1725D5DB00B8C318 /* en */ = {isa = PBXFileReference; lastKnownFileType = file.xib; name = en; path = en.lproj/ViewController.xib; sourceTree = "<group>"; };
		9A6E32B61725DB9D00B8C318 /* figure01.png */ = {isa = PBXFileReference; lastKnownFileType = image.png; path = figure01.png; sourceTree = "<group>"; };
		9A6E32B71725DB9D00B8C318 /* figure02.png */ = {isa = PBXFileReference; lastKnownFileType = image.png; path = figure02.png; sourceTree = "<group>"; };
/* End PBXFileReference section */

/* Begin PBXFrameworksBuildPhase section */
		9A6E328B1725D5DB00B8C318 /* Frameworks */ = {
			isa = PBXFrameworksBuildPhase;
			buildActionMask = 2147483647;
			files = (
				9A6E32931725D5DB00B8C318 /* UIKit.framework in Frameworks */,
				9A6E32951725D5DB00B8C318 /* Foundation.framework in Frameworks */,
				9A6E32971725D5DB00B8C318 /* CoreGraphics.framework in Frameworks */,
			);
			runOnlyForDeploymentPostprocessing = 0;
		};
/* End PBXFrameworksBuildPhase section */

/* Begin PBXGroup section */
		9A6E32831725D5DB00B8C318 = {
			isa = PBXGroup;
			children = (
				9A6E32B51725DB8C00B8C318 /* Figures */,
				9A6E32981725D5DB00B8C318 /* Example01 */,
				9A6E32911725D5DB00B8C318 /* Frameworks */,
				9A6E328F1725D5DB00B8C318 /* Products */,
			);
			sourceTree = "<group>";
		};
		9A6E328F1725D5DB00B8C318 /* Products */ = {
			isa = PBXGroup;
			children = (
				9A6E328E1725D5DB00B8C318 /* Example01.app */,
			);
			name = Products;
			sourceTree = "<group>";
		};
		9A6E32911725D5DB00B8C318 /* Frameworks */ = {
			isa = PBXGroup;
			children = (
				9A6E32921725D5DB00B8C318 /* UIKit.framework */,
				9A6E32941725D5DB00B8C318 /* Foundation.framework */,
				9A6E32961725D5DB00B8C318 /* CoreGraphics.framework */,
			);
			name = Frameworks;
			sourceTree = "<group>";
		};
		9A6E32981725D5DB00B8C318 /* Example01 */ = {
			isa = PBXGroup;
			children = (
				9A6E32A11725D5DB00B8C318 /* AppDelegate.h */,
				9A6E32A21725D5DB00B8C318 /* AppDelegate.m */,
				9A6E32AA1725D5DB00B8C318 /* ViewController.h */,
				9A6E32AB1725D5DB00B8C318 /* ViewController.m */,
				9A6E32AD1725D5DB00B8C318 /* ViewController.xib */,
				9A6E32991725D5DB00B8C318 /* Supporting Files */,
			);
			path = Example01;
			sourceTree = "<group>";
		};
		9A6E32991725D5DB00B8C318 /* Supporting Files */ = {
			isa = PBXGroup;
			children = (
				9A6E329A1725D5DB00B8C318 /* Example01-Info.plist */,
				9A6E329B1725D5DB00B8C318 /* InfoPlist.strings */,
				9A6E329E1725D5DB00B8C318 /* main.m */,
				9A6E32A01725D5DB00B8C318 /* Example01-Prefix.pch */,
				9A6E32A41725D5DB00B8C318 /* Default.png */,
				9A6E32A61725D5DB00B8C318 /* Default@2x.png */,
				9A6E32A81725D5DB00B8C318 /* Default-568h@2x.png */,
			);
			name = "Supporting Files";
			sourceTree = "<group>";
		};
		9A6E32B51725DB8C00B8C318 /* Figures */ = {
			isa = PBXGroup;
			children = (
				9A6E32B61725DB9D00B8C318 /* figure01.png */,
				9A6E32B71725DB9D00B8C318 /* figure02.png */,
			);
			name = Figures;
			sourceTree = "<group>";
		};
/* End PBXGroup section */

/* Begin PBXNativeTarget section */
		9A6E328D1725D5DB00B8C318 /* Example01 */ = {
			isa = PBXNativeTarget;
			buildConfigurationList = 9A6E32B21725D5DB00B8C318 /* Build configuration list for PBXNativeTarget "Example01" */;
			buildPhases = (
				9A6E328A1725D5DB00B8C318 /* Sources */,
				9A6E328B1725D5DB00B8C318 /* Frameworks */,
				9A6E328C1725D5DB00B8C318 /* Resources */,
			);
			buildRules = (
			);
			dependencies = (
			);
			name = Example01;
			productName = Example01;
			productReference = 9A6E328E1725D5DB00B8C318 /* Example01.app */;
			productType = "com.apple.product-type.application";
		};
/* End PBXNativeTarget section */

/* Begin PBXProject section */
		9A6E32851725D5DB00B8C318 /* Project object */ = {
			isa = PBXProject;
			attributes = {
				LastUpgradeCheck = 0450;
				ORGANIZATIONNAME = Rew;
			};
			buildConfigurationList = 9A6E32881725D5DB00B8C318 /* Build configuration list for PBXProject "Example01" */;
			compatibilityVersion = "Xcode 3.2";
			developmentRegion = English;
			hasScannedForEncodings = 0;
			knownRegions = (
				en,
			);
			mainGroup = 9A6E32831725D5DB00B8C318;
			productRefGroup = 9A6E328F1725D5DB00B8C318 /* Products */;
			projectDirPath = "";
			projectRoot = "";
			targets = (
				9A6E328D1725D5DB00B8C318 /* Example01 */,
			);
		};
/* End PBXProject section */

/* Begin PBXResourcesBuildPhase section */
		9A6E328C1725D5DB00B8C318 /* Resources */ = {
			isa = PBXResourcesBuildPhase;
			buildActionMask = 2147483647;
			files = (
				9A6E329D1725D5DB00B8C318 /* InfoPlist.strings in Resources */,
				9A6E32A51725D5DB00B8C318 /* Default.png in Resources */,
				9A6E32A71725D5DB00B8C318 /* Default@2x.png in Resources */,
				9A6E32A91725D5DB00B8C318 /* Default-568h@2x.png in Resources */,
				9A6E32AF1725D5DB00B8C318 /* ViewController.xib in Resources */,
				9A6E32B81725DB9D00B8C318 /* figure01.png in Resources */,
				9A6E32B91725DB9D00B8C318 /* figure02.png in Resources */,
			);
			runOnlyForDeploymentPostprocessing = 0;
		};
/* End PBXResourcesBuildPhase section */

/* Begin PBXSourcesBuildPhase section */
		9A6E328A1725D5DB00B8C318 /* Sources */ = {
			isa = PBXSourcesBuildPhase;
			buildActionMask = 2147483647;
			files = (
				9A6E329F1725D5DB00B8C318 /* main.m in Sources */,
				9A6E32A31725D5DB00B8C318 /* AppDelegate.m in Sources */,
				9A6E32AC1725D5DB00B8C318 /* ViewController.m in Sources */,
			);
			runOnlyForDeploymentPostprocessing = 0;
		};
/* End PBXSourcesBuildPhase section */

/* Begin PBXVariantGroup section */
		9A6E329B1725D5DB00B8C318 /* InfoPlist.strings */ = {
			isa = PBXVariantGroup;
			children = (
				9A6E329C1725D5DB00B8C318 /* en */,
			);
			name = InfoPlist.strings;
			sourceTree = "<group>";
		};
		9A6E32AD1725D5DB00B8C318 /* ViewController.xib */ = {
			isa = PBXVariantGroup;
			children = (
				9A6E32AE1725D5DB00B8C318 /* en */,
			);
			name = ViewController.xib;
			sourceTree = "<group>";
		};
/* End PBXVariantGroup section */

/* Begin XCBuildConfiguration section */
		9A6E32B01725D5DB00B8C318 /* Debug */ = {
			isa = XCBuildConfiguration;
			buildSettings = {
				ALWAYS_SEARCH_USER_PATHS = NO;
				CLANG_CXX_LANGUAGE_STANDARD = "gnu++0x";
				CLANG_CXX_LIBRARY = "libc++";
				CLANG_WARN_EMPTY_BODY = YES;
				CLANG_WARN__DUPLICATE_METHOD_MATCH = YES;
				"CODE_SIGN_IDENTITY[sdk=iphoneos*]" = "iPhone Developer";
				COPY_PHASE_STRIP = NO;
				GCC_C_LANGUAGE_STANDARD = gnu99;
				GCC_DYNAMIC_NO_PIC = NO;
				GCC_OPTIMIZATION_LEVEL = 0;
				GCC_PREPROCESSOR_DEFINITIONS = (
					"DEBUG=1",
					"$(inherited)",
				);
				GCC_SYMBOLS_PRIVATE_EXTERN = NO;
				GCC_WARN_ABOUT_RETURN_TYPE = YES;
				GCC_WARN_UNINITIALIZED_AUTOS = YES;
				GCC_WARN_UNUSED_VARIABLE = YES;
				IPHONEOS_DEPLOYMENT_TARGET = 6.0;
				ONLY_ACTIVE_ARCH = YES;
				SDKROOT = iphoneos;
			};
			name = Debug;
		};
		9A6E32B11725D5DB00B8C318 /* Release */ = {
			isa = XCBuildConfiguration;
			buildSettings = {
				ALWAYS_SEARCH_USER_PATHS = NO;
				CLANG_CXX_LANGUAGE_STANDARD = "gnu++0x";
				CLANG_CXX_LIBRARY = "libc++";
				CLANG_WARN_EMPTY_BODY = YES;
				CLANG_WARN__DUPLICATE_METHOD_MATCH = YES;
				"CODE_SIGN_IDENTITY[sdk=iphoneos*]" = "iPhone Developer";
				COPY_PHASE_STRIP = YES;
				GCC_C_LANGUAGE_STANDARD = gnu99;
				GCC_WARN_ABOUT_RETURN_TYPE = YES;
				GCC_WARN_UNINITIALIZED_AUTOS = YES;
				GCC_WARN_UNUSED_VARIABLE = YES;
				IPHONEOS_DEPLOYMENT_TARGET = 6.0;
				OTHER_CFLAGS = "-DNS_BLOCK_ASSERTIONS=1";
				SDKROOT = iphoneos;
				VALIDATE_PRODUCT = YES;
			};
			name = Release;
		};
		9A6E32B31725D5DB00B8C318 /* Debug */ = {
			isa = XCBuildConfiguration;
			buildSettings = {
				GCC_PRECOMPILE_PREFIX_HEADER = YES;
				GCC_PREFIX_HEADER = "Example01/Example01-Prefix.pch";
				INFOPLIST_FILE = "Example01/Example01-Info.plist";
				PRODUCT_NAME = "$(TARGET_NAME)";
				WRAPPER_EXTENSION = app;
			};
			name = Debug;
		};
		9A6E32B41725D5DB00B8C318 /* Release */ = {
			isa = XCBuildConfiguration;
			buildSettings = {
				GCC_PRECOMPILE_PREFIX_HEADER = YES;
				GCC_PREFIX_HEADER = "Example01/Example01-Prefix.pch";
				INFOPLIST_FILE = "Example01/Example01-Info.plist";
				PRODUCT_NAME = "$(TARGET_NAME)";
				WRAPPER_EXTENSION = app;
			};
			name = Release;
		};
/* End XCBuildConfiguration section */

/* Begin XCConfigurationList section */
		9A6E32881725D5DB00B8C318 /* Build configuration list for PBXProject "Example01" */ = {
			isa = XCConfigurationList;
			buildConfigurations = (
				9A6E32B01725D5DB00B8C318 /* Debug */,
				9A6E32B11725D5DB00B8C318 /* Release */,
			);
			defaultConfigurationIsVisible = 0;
			defaultConfigurationName = Release;
		};
		9A6E32B21725D5DB00B8C318 /* Build configuration list for PBXNativeTarget "Example01" */ = {
			isa = XCConfigurationList;
			buildConfigurations = (
				9A6E32B31725D5DB00B8C318 /* Debug */,
				9A6E32B41725D5DB00B8C318 /* Release */,
			);
			defaultConfigurationIsVisible = 0;
		};
/* End XCConfigurationList section */
	};
	rootObject = 9A6E32851725D5DB00B8C318 /* Project object */;
}
